{
  "version": 4,
  "terraform_version": "1.14.6",
  "serial": 83,
  "lineage": "863c64fb-9fa9-dc96-fede-ea931165997d",
  "outputs": {
    "master_ip": {
      "value": "10.196.243.162",
      "type": "string"
    },
    "worker_ips": {
      "value": [
        "10.196.242.190",
        "10.196.241.57",
        "10.196.244.211"
      ],
      "type": [
        "tuple",
        [
          "string",
          "string",
          "string"
        ]
      ]
    }
  },
  "resources": [
    {
      "mode": "managed",
      "type": "local_file",
      "name": "ansible_inventory",
      "provider": "provider[\"registry.terraform.io/hashicorp/local\"]",
      "instances": [
        {
          "schema_version": 0,
          "attributes": {
            "content": "all:\n  vars:\n    ansible_user: ubuntu\n    ansible_become: true\n    ansible_become_method: sudo\n    ansible_ssh_private_key_file: /home/ubuntu/.ssh/id_ed25519\n    ansible_ssh_common_args: '-o StrictHostKeyChecking=no'\n  hosts:\n    master:\n      ansible_host: 10.196.243.162\n      ip: 10.196.243.162\n      access_ip: 10.196.243.162\n\n    worker-1:\n      ansible_host: 10.196.242.190\n\n    worker-2:\n      ansible_host: 10.196.241.57\n\n    worker-3:\n      ansible_host: 10.196.244.211\n\n  children:\n    kube_control_plane:\n      hosts:\n        master:\n\n    kube_node:\n      hosts:\n        worker-1:\n        worker-2:\n        worker-3:\n\n    etcd:\n      hosts:\n        master:\n\n    k8s_cluster:\n      children:\n        kube_control_plane:\n        kube_node:",
            "content_base64": null,
            "content_base64sha256": "YNcWaqFqeNNbElv9we5wNw8G6VzlXqQr9K1eBOKPyPI=",
            "content_base64sha512": "vOgrVZCzt2v9xOoXF0cE4PIhLlRZ79EIwm0ftwgqklY6NPpi1dQAOfB77LhUTmp71Ar40BDFlwjVXsVrD5HoFg==",
            "content_md5": "6cfeaa9d416ea32bc7b28e445ac869a4",
            "content_sha1": "31135b74c270fde793e5a6dcfa4c661c2d46cec2",
            "content_sha256": "60d7166aa16a78d35b125bfdc1ee70370f06e95ce55ea42bf4ad5e04e28fc8f2",
            "content_sha512": "bce82b5590b3b76bfdc4ea17174704e0f2212e5459efd108c26d1fb7082a92563a34fa62d5d40039f07becb8544e6a7bd40af8d010c59708d55ec56b0f91e816",
            "directory_permission": "0777",
            "file_permission": "0777",
            "filename": "./../ansible/inventory/inventory",
            "id": "31135b74c270fde793e5a6dcfa4c661c2d46cec2",
            "sensitive_content": null,
            "source": null
          },
          "sensitive_attributes": [
            [
              {
                "type": "get_attr",
                "value": "sensitive_content"
              }
            ]
          ],
          "identity_schema_version": 0,
          "dependencies": [
            "openstack_compute_instance_v2.master",
            "openstack_compute_instance_v2.worker"
          ]
        }
      ]
    },
    {
      "mode": "managed",
      "type": "openstack_blockstorage_volume_v3",
      "name": "worker_disk",
      "provider": "provider[\"registry.terraform.io/terraform-provider-openstack/openstack\"]",
      "instances": [
        {
          "index_key": 0,
          "schema_version": 0,
          "attributes": {
            "attachment": [],
            "availability_zone": "nova",
            "backup_id": "",
            "consistency_group_id": null,
            "description": "",
            "enable_online_resize": null,
            "id": "eed6cfba-4509-4a2c-90cf-a3b3bac24209",
            "image_id": null,
            "metadata": {},
            "name": "",
            "region": "Pilestredet",
            "scheduler_hints": [],
            "size": 20,
            "snapshot_id": "",
            "source_replica": null,
            "source_vol_id": "",
            "timeouts": null,
            "volume_retype_policy": "never",
            "volume_type": "standard"
          },
          "sensitive_attributes": [],
          "identity_schema_version": 0,
          "private": "eyJlMmJmYjczMC1lY2FhLTExZTYtOGY4OC0zNDM2M2JjN2M0YzAiOnsiY3JlYXRlIjo2MDAwMDAwMDAwMDAsImRlbGV0ZSI6NjAwMDAwMDAwMDAwfX0="
        },
        {
          "index_key": 1,
          "schema_version": 0,
          "attributes": {
            "attachment": [],
            "availability_zone": "nova",
            "backup_id": "",
            "consistency_group_id": null,
            "description": "",
            "enable_online_resize": null,
            "id": "49057340-5dc9-42ea-930d-1a351f1b57ff",
            "image_id": null,
            "metadata": {},
            "name": "",
            "region": "Pilestredet",
            "scheduler_hints": [],
            "size": 20,
            "snapshot_id": "",
            "source_replica": null,
            "source_vol_id": "",
            "timeouts": null,
            "volume_retype_policy": "never",
            "volume_type": "standard"
          },
          "sensitive_attributes": [],
          "identity_schema_version": 0,
          "private": "eyJlMmJmYjczMC1lY2FhLTExZTYtOGY4OC0zNDM2M2JjN2M0YzAiOnsiY3JlYXRlIjo2MDAwMDAwMDAwMDAsImRlbGV0ZSI6NjAwMDAwMDAwMDAwfX0="
        },
        {
          "index_key": 2,
          "schema_version": 0,
          "attributes": {
            "attachment": [],
            "availability_zone": "nova",
            "backup_id": "",
            "consistency_group_id": null,
            "description": "",
            "enable_online_resize": null,
            "id": "8f7735a4-7dfd-43ac-8b1b-75d7fbac4a30",
            "image_id": null,
            "metadata": {},
            "name": "",
            "region": "Pilestredet",
            "scheduler_hints": [],
            "size": 20,
            "snapshot_id": "",
            "source_replica": null,
            "source_vol_id": "",
            "timeouts": null,
            "volume_retype_policy": "never",
            "volume_type": "standard"
          },
          "sensitive_attributes": [],
          "identity_schema_version": 0,
          "private": "eyJlMmJmYjczMC1lY2FhLTExZTYtOGY4OC0zNDM2M2JjN2M0YzAiOnsiY3JlYXRlIjo2MDAwMDAwMDAwMDAsImRlbGV0ZSI6NjAwMDAwMDAwMDAwfX0="
        }
      ]
    },
    {
      "mode": "managed",
      "type": "openstack_compute_instance_v2",
      "name": "master",
      "provider": "provider[\"registry.terraform.io/terraform-provider-openstack/openstack\"]",
      "instances": [
        {
          "index_key": 0,
          "schema_version": 0,
          "attributes": {
            "access_ip_v4": "10.196.243.162",
            "access_ip_v6": "2001:700:740:a101:f816:3eff:fe02:a9e4",
            "admin_pass": null,
            "all_metadata": {},
            "all_tags": [],
            "availability_zone": "nova",
            "availability_zone_hints": null,
            "block_device": [],
            "config_drive": null,
            "created": "2026-04-22 13:18:53 +0000 UTC",
            "flavor_id": "0c9945e2-dca8-407e-958f-fddcdc51c85e",
            "flavor_name": "aem.2c4r.50g",
            "force_delete": false,
            "hypervisor_hostname": "",
            "id": "bb6d2bf8-1666-4ce5-8921-c1c207971a5a",
            "image_id": "414d4efa-e67d-43cc-b484-3d88817bcec1",
            "image_name": "Ubuntu-24.04-LTS (Noble Numbat)",
            "key_pair": "MasterVMKey",
            "metadata": null,
            "name": "master",
            "network": [
              {
                "access_network": false,
                "fixed_ip_v4": "10.196.243.162",
                "fixed_ip_v6": "2001:700:740:a101:f816:3eff:fe02:a9e4",
                "mac": "fa:16:3e:02:a9:e4",
                "name": "oslomet",
                "port": "",
                "uuid": "070f5eb2-628f-4ef9-b885-533b13632043"
              }
            ],
            "network_mode": null,
            "personality": [],
            "power_state": "active",
            "region": "Pilestredet",
            "scheduler_hints": [],
            "security_groups": [
              "default"
            ],
            "stop_before_destroy": false,
            "tags": null,
            "timeouts": null,
            "updated": "2026-04-22 13:19:50 +0000 UTC",
            "user_data": null,
            "vendor_options": []
          },
          "sensitive_attributes": [
            [
              {
                "type": "get_attr",
                "value": "admin_pass"
              }
            ]
          ],
          "identity_schema_version": 0,
          "private": "eyJlMmJmYjczMC1lY2FhLTExZTYtOGY4OC0zNDM2M2JjN2M0YzAiOnsiY3JlYXRlIjoxODAwMDAwMDAwMDAwLCJkZWxldGUiOjE4MDAwMDAwMDAwMDAsInVwZGF0ZSI6MTgwMDAwMDAwMDAwMH19"
        }
      ]
    },
    {
      "mode": "managed",
      "type": "openstack_compute_instance_v2",
      "name": "worker",
      "provider": "provider[\"registry.terraform.io/terraform-provider-openstack/openstack\"]",
      "instances": [
        {
          "index_key": 0,
          "schema_version": 0,
          "attributes": {
            "access_ip_v4": "10.196.242.190",
            "access_ip_v6": "2001:700:740:a101:f816:3eff:feda:80ff",
            "admin_pass": null,
            "all_metadata": {},
            "all_tags": [],
            "availability_zone": "nova",
            "availability_zone_hints": null,
            "block_device": [],
            "config_drive": null,
            "created": "2026-04-22 13:18:53 +0000 UTC",
            "flavor_id": "0c9945e2-dca8-407e-958f-fddcdc51c85e",
            "flavor_name": "aem.2c4r.50g",
            "force_delete": false,
            "hypervisor_hostname": "",
            "id": "5fbf9c9e-8c07-4669-97ca-ad58bb3935b5",
            "image_id": "414d4efa-e67d-43cc-b484-3d88817bcec1",
            "image_name": "Ubuntu-24.04-LTS (Noble Numbat)",
            "key_pair": "MasterVMKey",
            "metadata": null,
            "name": "worker-1",
            "network": [
              {
                "access_network": false,
                "fixed_ip_v4": "10.196.242.190",
                "fixed_ip_v6": "2001:700:740:a101:f816:3eff:feda:80ff",
                "mac": "fa:16:3e:da:80:ff",
                "name": "oslomet",
                "port": "",
                "uuid": "070f5eb2-628f-4ef9-b885-533b13632043"
              }
            ],
            "network_mode": null,
            "personality": [],
            "power_state": "active",
            "region": "Pilestredet",
            "scheduler_hints": [],
            "security_groups": [
              "default"
            ],
            "stop_before_destroy": false,
            "tags": null,
            "timeouts": null,
            "updated": "2026-04-22 13:19:44 +0000 UTC",
            "user_data": null,
            "vendor_options": []
          },
          "sensitive_attributes": [
            [
              {
                "type": "get_attr",
                "value": "admin_pass"
              }
            ]
          ],
          "identity_schema_version": 0,
          "private": "eyJlMmJmYjczMC1lY2FhLTExZTYtOGY4OC0zNDM2M2JjN2M0YzAiOnsiY3JlYXRlIjoxODAwMDAwMDAwMDAwLCJkZWxldGUiOjE4MDAwMDAwMDAwMDAsInVwZGF0ZSI6MTgwMDAwMDAwMDAwMH19"
        },
        {
          "index_key": 1,
          "schema_version": 0,
          "attributes": {
            "access_ip_v4": "10.196.241.57",
            "access_ip_v6": "2001:700:740:a101:f816:3eff:fe72:4234",
            "admin_pass": null,
            "all_metadata": {},
            "all_tags": [],
            "availability_zone": "nova",
            "availability_zone_hints": null,
            "block_device": [],
            "config_drive": null,
            "created": "2026-04-22 13:18:53 +0000 UTC",
            "flavor_id": "0c9945e2-dca8-407e-958f-fddcdc51c85e",
            "flavor_name": "aem.2c4r.50g",
            "force_delete": false,
            "hypervisor_hostname": "",
            "id": "bce45008-54ef-4d6b-b9ed-987523e03e65",
            "image_id": "414d4efa-e67d-43cc-b484-3d88817bcec1",
            "image_name": "Ubuntu-24.04-LTS (Noble Numbat)",
            "key_pair": "MasterVMKey",
            "metadata": null,
            "name": "worker-2",
            "network": [
              {
                "access_network": false,
                "fixed_ip_v4": "10.196.241.57",
                "fixed_ip_v6": "2001:700:740:a101:f816:3eff:fe72:4234",
                "mac": "fa:16:3e:72:42:34",
                "name": "oslomet",
                "port": "",
                "uuid": "070f5eb2-628f-4ef9-b885-533b13632043"
              }
            ],
            "network_mode": null,
            "personality": [],
            "power_state": "active",
            "region": "Pilestredet",
            "scheduler_hints": [],
            "security_groups": [
              "default"
            ],
            "stop_before_destroy": false,
            "tags": null,
            "timeouts": null,
            "updated": "2026-04-22 13:19:57 +0000 UTC",
            "user_data": null,
            "vendor_options": []
          },
          "sensitive_attributes": [
            [
              {
                "type": "get_attr",
                "value": "admin_pass"
              }
            ]
          ],
          "identity_schema_version": 0,
          "private": "eyJlMmJmYjczMC1lY2FhLTExZTYtOGY4OC0zNDM2M2JjN2M0YzAiOnsiY3JlYXRlIjoxODAwMDAwMDAwMDAwLCJkZWxldGUiOjE4MDAwMDAwMDAwMDAsInVwZGF0ZSI6MTgwMDAwMDAwMDAwMH19"
        },
        {
          "index_key": 2,
          "schema_version": 0,
          "attributes": {
            "access_ip_v4": "10.196.244.211",
            "access_ip_v6": "2001:700:740:a101:f816:3eff:fe13:2a6e",
            "admin_pass": null,
            "all_metadata": {},
            "all_tags": [],
            "availability_zone": "nova",
            "availability_zone_hints": null,
            "block_device": [],
            "config_drive": null,
            "created": "2026-04-22 13:18:53 +0000 UTC",
            "flavor_id": "0c9945e2-dca8-407e-958f-fddcdc51c85e",
            "flavor_name": "aem.2c4r.50g",
            "force_delete": false,
            "hypervisor_hostname": "",
            "id": "3f9a8208-e976-4206-a416-efa2fb6e3c9a",
            "image_id": "414d4efa-e67d-43cc-b484-3d88817bcec1",
            "image_name": "Ubuntu-24.04-LTS (Noble Numbat)",
            "key_pair": "MasterVMKey",
            "metadata": null,
            "name": "worker-3",
            "network": [
              {
                "access_network": false,
                "fixed_ip_v4": "10.196.244.211",
                "fixed_ip_v6": "2001:700:740:a101:f816:3eff:fe13:2a6e",
                "mac": "fa:16:3e:13:2a:6e",
                "name": "oslomet",
                "port": "",
                "uuid": "070f5eb2-628f-4ef9-b885-533b13632043"
              }
            ],
            "network_mode": null,
            "personality": [],
            "power_state": "active",
            "region": "Pilestredet",
            "scheduler_hints": [],
            "security_groups": [
              "default"
            ],
            "stop_before_destroy": false,
            "tags": null,
            "timeouts": null,
            "updated": "2026-04-22 13:19:34 +0000 UTC",
            "user_data": null,
            "vendor_options": []
          },
          "sensitive_attributes": [
            [
              {
                "type": "get_attr",
                "value": "admin_pass"
              }
            ]
          ],
          "identity_schema_version": 0,
          "private": "eyJlMmJmYjczMC1lY2FhLTExZTYtOGY4OC0zNDM2M2JjN2M0YzAiOnsiY3JlYXRlIjoxODAwMDAwMDAwMDAwLCJkZWxldGUiOjE4MDAwMDAwMDAwMDAsInVwZGF0ZSI6MTgwMDAwMDAwMDAwMH19"
        }
      ]
    },
    {
      "mode": "managed",
      "type": "openstack_compute_volume_attach_v2",
      "name": "worker_attach",
      "provider": "provider[\"registry.terraform.io/terraform-provider-openstack/openstack\"]",
      "instances": [
        {
          "index_key": 0,
          "schema_version": 0,
          "attributes": {
            "device": "/dev/sdb",
            "id": "5fbf9c9e-8c07-4669-97ca-ad58bb3935b5/eed6cfba-4509-4a2c-90cf-a3b3bac24209",
            "instance_id": "5fbf9c9e-8c07-4669-97ca-ad58bb3935b5",
            "multiattach": null,
            "region": "Pilestredet",
            "tag": null,
            "timeouts": null,
            "vendor_options": [],
            "volume_id": "eed6cfba-4509-4a2c-90cf-a3b3bac24209"
          },
          "sensitive_attributes": [],
          "identity_schema_version": 0,
          "private": "eyJlMmJmYjczMC1lY2FhLTExZTYtOGY4OC0zNDM2M2JjN2M0YzAiOnsiY3JlYXRlIjo2MDAwMDAwMDAwMDAsImRlbGV0ZSI6NjAwMDAwMDAwMDAwfX0=",
          "dependencies": [
            "openstack_blockstorage_volume_v3.worker_disk",
            "openstack_compute_instance_v2.worker"
          ]
        },
        {
          "index_key": 1,
          "schema_version": 0,
          "attributes": {
            "device": "/dev/sdb",
            "id": "bce45008-54ef-4d6b-b9ed-987523e03e65/49057340-5dc9-42ea-930d-1a351f1b57ff",
            "instance_id": "bce45008-54ef-4d6b-b9ed-987523e03e65",
            "multiattach": null,
            "region": "Pilestredet",
            "tag": null,
            "timeouts": null,
            "vendor_options": [],
            "volume_id": "49057340-5dc9-42ea-930d-1a351f1b57ff"
          },
          "sensitive_attributes": [],
          "identity_schema_version": 0,
          "private": "eyJlMmJmYjczMC1lY2FhLTExZTYtOGY4OC0zNDM2M2JjN2M0YzAiOnsiY3JlYXRlIjo2MDAwMDAwMDAwMDAsImRlbGV0ZSI6NjAwMDAwMDAwMDAwfX0=",
          "dependencies": [
            "openstack_blockstorage_volume_v3.worker_disk",
            "openstack_compute_instance_v2.worker"
          ]
        },
        {
          "index_key": 2,
          "schema_version": 0,
          "attributes": {
            "device": "/dev/sdb",
            "id": "3f9a8208-e976-4206-a416-efa2fb6e3c9a/8f7735a4-7dfd-43ac-8b1b-75d7fbac4a30",
            "instance_id": "3f9a8208-e976-4206-a416-efa2fb6e3c9a",
            "multiattach": null,
            "region": "Pilestredet",
            "tag": null,
            "timeouts": null,
            "vendor_options": [],
            "volume_id": "8f7735a4-7dfd-43ac-8b1b-75d7fbac4a30"
          },
          "sensitive_attributes": [],
          "identity_schema_version": 0,
          "private": "eyJlMmJmYjczMC1lY2FhLTExZTYtOGY4OC0zNDM2M2JjN2M0YzAiOnsiY3JlYXRlIjo2MDAwMDAwMDAwMDAsImRlbGV0ZSI6NjAwMDAwMDAwMDAwfX0=",
          "dependencies": [
            "openstack_blockstorage_volume_v3.worker_disk",
            "openstack_compute_instance_v2.worker"
          ]
        }
      ]
    }
  ],
  "check_results": null
}
