{
  "version": 4,
  "terraform_version": "1.14.6",
  "serial": 541,
  "lineage": "863c64fb-9fa9-dc96-fede-ea931165997d",
  "outputs": {
    "master_ip": {
      "value": "10.196.244.29",
      "type": "string"
    },
    "worker_ips": {
      "value": [
        "10.196.241.7",
        "10.196.244.206",
        "10.196.244.65"
      ],
      "type": [
        "tuple",
        [
          "string",
          "string",
          "string"
        ]
      ]
    }
  },
  "resources": [
    {
      "mode": "managed",
      "type": "local_file",
      "name": "ansible_inventory",
      "provider": "provider[\"registry.terraform.io/hashicorp/local\"]",
      "instances": [
        {
          "schema_version": 0,
          "attributes": {
            "content": "all:\n  vars:\n    ansible_user: ubuntu\n    ansible_become: true\n    ansible_become_method: sudo\n    ansible_ssh_private_key_file: /home/ubuntu/.ssh/id_ed25519\n    ansible_ssh_common_args: '-o StrictHostKeyChecking=no'\n\n  hosts:\n    master:\n      ansible_host: 10.196.244.29\n      ip: 10.196.244.29\n      access_ip: 10.196.244.29\n      etcd_member_name: etcd1\n\n    worker-1:\n      ansible_host: 10.196.241.7\n      ip: 10.196.241.7\n      access_ip: 10.196.241.7\n\n    worker-2:\n      ansible_host: 10.196.244.206\n      ip: 10.196.244.206\n      access_ip: 10.196.244.206\n\n    worker-3:\n      ansible_host: 10.196.244.65\n      ip: 10.196.244.65\n      access_ip: 10.196.244.65\n\n  children:\n    kube_control_plane:\n      hosts:\n        master:\n\n    kube_node:\n      hosts:\n        worker-1:\n        worker-2:\n        worker-3:\n\n    etcd:\n      hosts:\n        master:\n\n    k8s_cluster:\n      children:\n        kube_control_plane:\n        kube_node:",
            "content_base64": null,
            "content_base64sha256": "sUKniARCBerENx1lJhxTGdOrdW222jRwibl616S/Q68=",
            "content_base64sha512": "GsH8x3CxfEiy3hcjeDXBqkS3qpd7P79p7WMampvWV6PoW/F1bxKSIii4a5/Aua8ICvl1Azji06ddxwze3VWEoQ==",
            "content_md5": "318747c4376890e82796553576964f3b",
            "content_sha1": "a3c1b870e56f2fdf398a61b7c5f901f4e1d0262a",
            "content_sha256": "b142a788044205eac4371d65261c5319d3ab756db6da347089b97ad7a4bf43af",
            "content_sha512": "1ac1fcc770b17c48b2de17237835c1aa44b7aa977b3fbf69ed631a9a9bd657a3e85bf1756f12922228b86b9fc0b9af080af9750338e2d3a75dc70cdedd5584a1",
            "directory_permission": "0777",
            "file_permission": "0777",
            "filename": "./../ansible/inventory/inventory",
            "id": "a3c1b870e56f2fdf398a61b7c5f901f4e1d0262a",
            "sensitive_content": null,
            "source": null
          },
          "sensitive_attributes": [
            [
              {
                "type": "get_attr",
                "value": "sensitive_content"
              }
            ]
          ],
          "identity_schema_version": 0,
          "dependencies": [
            "openstack_compute_instance_v2.master",
            "openstack_compute_instance_v2.worker"
          ]
        }
      ]
    },
    {
      "mode": "managed",
      "type": "openstack_blockstorage_volume_v3",
      "name": "worker_disk",
      "provider": "provider[\"registry.terraform.io/terraform-provider-openstack/openstack\"]",
      "instances": [
        {
          "index_key": 0,
          "schema_version": 0,
          "attributes": {
            "attachment": [],
            "availability_zone": "nova",
            "backup_id": "",
            "consistency_group_id": null,
            "description": "",
            "enable_online_resize": null,
            "id": "a93976cd-2233-402a-b3be-0b3c5b44428d",
            "image_id": null,
            "metadata": {},
            "name": "worker-1-ceph-disk",
            "region": "Pilestredet",
            "scheduler_hints": [],
            "size": 20,
            "snapshot_id": "",
            "source_replica": null,
            "source_vol_id": "",
            "timeouts": null,
            "volume_retype_policy": "never",
            "volume_type": "standard"
          },
          "sensitive_attributes": [],
          "identity_schema_version": 0,
          "private": "eyJlMmJmYjczMC1lY2FhLTExZTYtOGY4OC0zNDM2M2JjN2M0YzAiOnsiY3JlYXRlIjo2MDAwMDAwMDAwMDAsImRlbGV0ZSI6NjAwMDAwMDAwMDAwfX0="
        },
        {
          "index_key": 1,
          "schema_version": 0,
          "attributes": {
            "attachment": [],
            "availability_zone": "nova",
            "backup_id": "",
            "consistency_group_id": null,
            "description": "",
            "enable_online_resize": null,
            "id": "4cb21dbe-6a7b-4c59-98f3-4550ba745e88",
            "image_id": null,
            "metadata": {},
            "name": "worker-2-ceph-disk",
            "region": "Pilestredet",
            "scheduler_hints": [],
            "size": 20,
            "snapshot_id": "",
            "source_replica": null,
            "source_vol_id": "",
            "timeouts": null,
            "volume_retype_policy": "never",
            "volume_type": "standard"
          },
          "sensitive_attributes": [],
          "identity_schema_version": 0,
          "private": "eyJlMmJmYjczMC1lY2FhLTExZTYtOGY4OC0zNDM2M2JjN2M0YzAiOnsiY3JlYXRlIjo2MDAwMDAwMDAwMDAsImRlbGV0ZSI6NjAwMDAwMDAwMDAwfX0="
        },
        {
          "index_key": 2,
          "schema_version": 0,
          "attributes": {
            "attachment": [],
            "availability_zone": "nova",
            "backup_id": "",
            "consistency_group_id": null,
            "description": "",
            "enable_online_resize": null,
            "id": "745be5df-5bd0-4cf7-a105-95829e0d0ec7",
            "image_id": null,
            "metadata": {},
            "name": "worker-3-ceph-disk",
            "region": "Pilestredet",
            "scheduler_hints": [],
            "size": 20,
            "snapshot_id": "",
            "source_replica": null,
            "source_vol_id": "",
            "timeouts": null,
            "volume_retype_policy": "never",
            "volume_type": "standard"
          },
          "sensitive_attributes": [],
          "identity_schema_version": 0,
          "private": "eyJlMmJmYjczMC1lY2FhLTExZTYtOGY4OC0zNDM2M2JjN2M0YzAiOnsiY3JlYXRlIjo2MDAwMDAwMDAwMDAsImRlbGV0ZSI6NjAwMDAwMDAwMDAwfX0="
        }
      ]
    },
    {
      "mode": "managed",
      "type": "openstack_compute_instance_v2",
      "name": "master",
      "provider": "provider[\"registry.terraform.io/terraform-provider-openstack/openstack\"]",
      "instances": [
        {
          "index_key": 0,
          "schema_version": 0,
          "attributes": {
            "access_ip_v4": "10.196.244.29",
            "access_ip_v6": "2001:700:740:a101:f816:3eff:fe39:337d",
            "admin_pass": null,
            "all_metadata": {},
            "all_tags": [],
            "availability_zone": "nova",
            "availability_zone_hints": null,
            "block_device": [],
            "config_drive": null,
            "created": "2026-05-07 11:07:49 +0000 UTC",
            "flavor_id": "0c9945e2-dca8-407e-958f-fddcdc51c85e",
            "flavor_name": "aem.2c4r.50g",
            "force_delete": false,
            "hypervisor_hostname": "",
            "id": "8042fe0b-8356-4481-8d93-30efb80b7887",
            "image_id": "414d4efa-e67d-43cc-b484-3d88817bcec1",
            "image_name": "Ubuntu-24.04-LTS (Noble Numbat)",
            "key_pair": "MasterVMKey",
            "metadata": null,
            "name": "master",
            "network": [
              {
                "access_network": false,
                "fixed_ip_v4": "10.196.244.29",
                "fixed_ip_v6": "2001:700:740:a101:f816:3eff:fe39:337d",
                "mac": "fa:16:3e:39:33:7d",
                "name": "oslomet",
                "port": "",
                "uuid": "070f5eb2-628f-4ef9-b885-533b13632043"
              }
            ],
            "network_mode": null,
            "personality": [],
            "power_state": "active",
            "region": "Pilestredet",
            "scheduler_hints": [],
            "security_groups": [
              "default"
            ],
            "stop_before_destroy": false,
            "tags": null,
            "timeouts": null,
            "updated": "2026-05-07 11:08:23 +0000 UTC",
            "user_data": null,
            "vendor_options": []
          },
          "sensitive_attributes": [
            [
              {
                "type": "get_attr",
                "value": "admin_pass"
              }
            ]
          ],
          "identity_schema_version": 0,
          "private": "eyJlMmJmYjczMC1lY2FhLTExZTYtOGY4OC0zNDM2M2JjN2M0YzAiOnsiY3JlYXRlIjoxODAwMDAwMDAwMDAwLCJkZWxldGUiOjE4MDAwMDAwMDAwMDAsInVwZGF0ZSI6MTgwMDAwMDAwMDAwMH19"
        }
      ]
    },
    {
      "mode": "managed",
      "type": "openstack_compute_instance_v2",
      "name": "worker",
      "provider": "provider[\"registry.terraform.io/terraform-provider-openstack/openstack\"]",
      "instances": [
        {
          "index_key": 0,
          "schema_version": 0,
          "attributes": {
            "access_ip_v4": "10.196.241.7",
            "access_ip_v6": "2001:700:740:a101:f816:3eff:fe4d:d07b",
            "admin_pass": null,
            "all_metadata": {},
            "all_tags": [],
            "availability_zone": "nova",
            "availability_zone_hints": null,
            "block_device": [],
            "config_drive": null,
            "created": "2026-05-07 11:07:49 +0000 UTC",
            "flavor_id": "0c9945e2-dca8-407e-958f-fddcdc51c85e",
            "flavor_name": "aem.2c4r.50g",
            "force_delete": false,
            "hypervisor_hostname": "",
            "id": "ae7fe052-f082-4969-9fd7-b0a13e03f349",
            "image_id": "414d4efa-e67d-43cc-b484-3d88817bcec1",
            "image_name": "Ubuntu-24.04-LTS (Noble Numbat)",
            "key_pair": "MasterVMKey",
            "metadata": null,
            "name": "worker-1",
            "network": [
              {
                "access_network": false,
                "fixed_ip_v4": "10.196.241.7",
                "fixed_ip_v6": "2001:700:740:a101:f816:3eff:fe4d:d07b",
                "mac": "fa:16:3e:4d:d0:7b",
                "name": "oslomet",
                "port": "",
                "uuid": "070f5eb2-628f-4ef9-b885-533b13632043"
              }
            ],
            "network_mode": null,
            "personality": [],
            "power_state": "active",
            "region": "Pilestredet",
            "scheduler_hints": [],
            "security_groups": [
              "default"
            ],
            "stop_before_destroy": false,
            "tags": null,
            "timeouts": null,
            "updated": "2026-05-07 11:08:38 +0000 UTC",
            "user_data": null,
            "vendor_options": []
          },
          "sensitive_attributes": [
            [
              {
                "type": "get_attr",
                "value": "admin_pass"
              }
            ]
          ],
          "identity_schema_version": 0,
          "private": "eyJlMmJmYjczMC1lY2FhLTExZTYtOGY4OC0zNDM2M2JjN2M0YzAiOnsiY3JlYXRlIjoxODAwMDAwMDAwMDAwLCJkZWxldGUiOjE4MDAwMDAwMDAwMDAsInVwZGF0ZSI6MTgwMDAwMDAwMDAwMH19"
        },
        {
          "index_key": 1,
          "schema_version": 0,
          "attributes": {
            "access_ip_v4": "10.196.244.206",
            "access_ip_v6": "2001:700:740:a101:f816:3eff:febb:84c8",
            "admin_pass": null,
            "all_metadata": {},
            "all_tags": [],
            "availability_zone": "nova",
            "availability_zone_hints": null,
            "block_device": [],
            "config_drive": null,
            "created": "2026-05-07 11:07:49 +0000 UTC",
            "flavor_id": "0c9945e2-dca8-407e-958f-fddcdc51c85e",
            "flavor_name": "aem.2c4r.50g",
            "force_delete": false,
            "hypervisor_hostname": "",
            "id": "c293db33-0c77-497e-be74-10e53400c4cb",
            "image_id": "414d4efa-e67d-43cc-b484-3d88817bcec1",
            "image_name": "Ubuntu-24.04-LTS (Noble Numbat)",
            "key_pair": "MasterVMKey",
            "metadata": null,
            "name": "worker-2",
            "network": [
              {
                "access_network": false,
                "fixed_ip_v4": "10.196.244.206",
                "fixed_ip_v6": "2001:700:740:a101:f816:3eff:febb:84c8",
                "mac": "fa:16:3e:bb:84:c8",
                "name": "oslomet",
                "port": "",
                "uuid": "070f5eb2-628f-4ef9-b885-533b13632043"
              }
            ],
            "network_mode": null,
            "personality": [],
            "power_state": "active",
            "region": "Pilestredet",
            "scheduler_hints": [],
            "security_groups": [
              "default"
            ],
            "stop_before_destroy": false,
            "tags": null,
            "timeouts": null,
            "updated": "2026-05-07 11:08:31 +0000 UTC",
            "user_data": null,
            "vendor_options": []
          },
          "sensitive_attributes": [
            [
              {
                "type": "get_attr",
                "value": "admin_pass"
              }
            ]
          ],
          "identity_schema_version": 0,
          "private": "eyJlMmJmYjczMC1lY2FhLTExZTYtOGY4OC0zNDM2M2JjN2M0YzAiOnsiY3JlYXRlIjoxODAwMDAwMDAwMDAwLCJkZWxldGUiOjE4MDAwMDAwMDAwMDAsInVwZGF0ZSI6MTgwMDAwMDAwMDAwMH19"
        },
        {
          "index_key": 2,
          "schema_version": 0,
          "attributes": {
            "access_ip_v4": "10.196.244.65",
            "access_ip_v6": "2001:700:740:a101:f816:3eff:fe44:1380",
            "admin_pass": null,
            "all_metadata": {},
            "all_tags": [],
            "availability_zone": "nova",
            "availability_zone_hints": null,
            "block_device": [],
            "config_drive": null,
            "created": "2026-05-07 11:07:49 +0000 UTC",
            "flavor_id": "0c9945e2-dca8-407e-958f-fddcdc51c85e",
            "flavor_name": "aem.2c4r.50g",
            "force_delete": false,
            "hypervisor_hostname": "",
            "id": "d17f2658-c87c-455d-b617-6ca4e975b235",
            "image_id": "414d4efa-e67d-43cc-b484-3d88817bcec1",
            "image_name": "Ubuntu-24.04-LTS (Noble Numbat)",
            "key_pair": "MasterVMKey",
            "metadata": null,
            "name": "worker-3",
            "network": [
              {
                "access_network": false,
                "fixed_ip_v4": "10.196.244.65",
                "fixed_ip_v6": "2001:700:740:a101:f816:3eff:fe44:1380",
                "mac": "fa:16:3e:44:13:80",
                "name": "oslomet",
                "port": "",
                "uuid": "070f5eb2-628f-4ef9-b885-533b13632043"
              }
            ],
            "network_mode": null,
            "personality": [],
            "power_state": "active",
            "region": "Pilestredet",
            "scheduler_hints": [],
            "security_groups": [
              "default"
            ],
            "stop_before_destroy": false,
            "tags": null,
            "timeouts": null,
            "updated": "2026-05-07 11:08:42 +0000 UTC",
            "user_data": null,
            "vendor_options": []
          },
          "sensitive_attributes": [
            [
              {
                "type": "get_attr",
                "value": "admin_pass"
              }
            ]
          ],
          "identity_schema_version": 0,
          "private": "eyJlMmJmYjczMC1lY2FhLTExZTYtOGY4OC0zNDM2M2JjN2M0YzAiOnsiY3JlYXRlIjoxODAwMDAwMDAwMDAwLCJkZWxldGUiOjE4MDAwMDAwMDAwMDAsInVwZGF0ZSI6MTgwMDAwMDAwMDAwMH19"
        }
      ]
    },
    {
      "mode": "managed",
      "type": "openstack_compute_volume_attach_v2",
      "name": "worker_attach",
      "provider": "provider[\"registry.terraform.io/terraform-provider-openstack/openstack\"]",
      "instances": [
        {
          "index_key": 0,
          "schema_version": 0,
          "attributes": {
            "device": "/dev/sdb",
            "id": "ae7fe052-f082-4969-9fd7-b0a13e03f349/a93976cd-2233-402a-b3be-0b3c5b44428d",
            "instance_id": "ae7fe052-f082-4969-9fd7-b0a13e03f349",
            "multiattach": null,
            "region": "Pilestredet",
            "tag": null,
            "timeouts": null,
            "vendor_options": [],
            "volume_id": "a93976cd-2233-402a-b3be-0b3c5b44428d"
          },
          "sensitive_attributes": [],
          "identity_schema_version": 0,
          "private": "eyJlMmJmYjczMC1lY2FhLTExZTYtOGY4OC0zNDM2M2JjN2M0YzAiOnsiY3JlYXRlIjo2MDAwMDAwMDAwMDAsImRlbGV0ZSI6NjAwMDAwMDAwMDAwfX0=",
          "dependencies": [
            "openstack_blockstorage_volume_v3.worker_disk",
            "openstack_compute_instance_v2.worker"
          ]
        },
        {
          "index_key": 1,
          "schema_version": 0,
          "attributes": {
            "device": "/dev/sdb",
            "id": "c293db33-0c77-497e-be74-10e53400c4cb/4cb21dbe-6a7b-4c59-98f3-4550ba745e88",
            "instance_id": "c293db33-0c77-497e-be74-10e53400c4cb",
            "multiattach": null,
            "region": "Pilestredet",
            "tag": null,
            "timeouts": null,
            "vendor_options": [],
            "volume_id": "4cb21dbe-6a7b-4c59-98f3-4550ba745e88"
          },
          "sensitive_attributes": [],
          "identity_schema_version": 0,
          "private": "eyJlMmJmYjczMC1lY2FhLTExZTYtOGY4OC0zNDM2M2JjN2M0YzAiOnsiY3JlYXRlIjo2MDAwMDAwMDAwMDAsImRlbGV0ZSI6NjAwMDAwMDAwMDAwfX0=",
          "dependencies": [
            "openstack_blockstorage_volume_v3.worker_disk",
            "openstack_compute_instance_v2.worker"
          ]
        },
        {
          "index_key": 2,
          "schema_version": 0,
          "attributes": {
            "device": "/dev/sdb",
            "id": "d17f2658-c87c-455d-b617-6ca4e975b235/745be5df-5bd0-4cf7-a105-95829e0d0ec7",
            "instance_id": "d17f2658-c87c-455d-b617-6ca4e975b235",
            "multiattach": null,
            "region": "Pilestredet",
            "tag": null,
            "timeouts": null,
            "vendor_options": [],
            "volume_id": "745be5df-5bd0-4cf7-a105-95829e0d0ec7"
          },
          "sensitive_attributes": [],
          "identity_schema_version": 0,
          "private": "eyJlMmJmYjczMC1lY2FhLTExZTYtOGY4OC0zNDM2M2JjN2M0YzAiOnsiY3JlYXRlIjo2MDAwMDAwMDAwMDAsImRlbGV0ZSI6NjAwMDAwMDAwMDAwfX0=",
          "dependencies": [
            "openstack_blockstorage_volume_v3.worker_disk",
            "openstack_compute_instance_v2.worker"
          ]
        }
      ]
    }
  ],
  "check_results": null
}
