{
  "version": 4,
  "terraform_version": "1.14.6",
  "serial": 411,
  "lineage": "863c64fb-9fa9-dc96-fede-ea931165997d",
  "outputs": {
    "master_ip": {
      "value": "10.196.243.206",
      "type": "string"
    },
    "worker_ips": {
      "value": [
        "10.196.244.194",
        "10.196.245.17",
        "10.196.244.65"
      ],
      "type": [
        "tuple",
        [
          "string",
          "string",
          "string"
        ]
      ]
    }
  },
  "resources": [
    {
      "mode": "managed",
      "type": "local_file",
      "name": "ansible_inventory",
      "provider": "provider[\"registry.terraform.io/hashicorp/local\"]",
      "instances": [
        {
          "schema_version": 0,
          "attributes": {
            "content": "all:\n  vars:\n    ansible_user: ubuntu\n    ansible_become: true\n    ansible_become_method: sudo\n    ansible_ssh_private_key_file: /home/ubuntu/.ssh/id_ed25519\n    ansible_ssh_common_args: '-o StrictHostKeyChecking=no'\n\n  hosts:\n    master:\n      ansible_host: 10.196.243.206\n      ip: 10.196.243.206\n      access_ip: 10.196.243.206\n      etcd_member_name: etcd1\n\n    worker-1:\n      ansible_host: 10.196.244.194\n      ip: 10.196.244.194\n      access_ip: 10.196.244.194\n\n    worker-2:\n      ansible_host: 10.196.245.17\n      ip: 10.196.245.17\n      access_ip: 10.196.245.17\n\n    worker-3:\n      ansible_host: 10.196.244.65\n      ip: 10.196.244.65\n      access_ip: 10.196.244.65\n\n  children:\n    kube_control_plane:\n      hosts:\n        master:\n\n    kube_node:\n      hosts:\n        worker-1:\n        worker-2:\n        worker-3:\n\n    etcd:\n      hosts:\n        master:\n\n    k8s_cluster:\n      children:\n        kube_control_plane:\n        kube_node:",
            "content_base64": null,
            "content_base64sha256": "U9Y6sJ964Gv69V+2tpKg1P5T8ftulfrbs8Lwp2q6e7o=",
            "content_base64sha512": "u1OqXO5jNqKZas+UI2AEbb15Cbypf0n9kmG9ZfTz7qLSzRFuLMAraDvMb3gjHsoB/go8WUJfdnY1pibfLHqUaQ==",
            "content_md5": "8d9d7fb8799ef76e8994ddfae4123ae7",
            "content_sha1": "9109d55bfb5503dc126e6cdadc4db5d8f6f53fbe",
            "content_sha256": "53d63ab09f7ae06bfaf55fb6b692a0d4fe53f1fb6e95fadbb3c2f0a76aba7bba",
            "content_sha512": "bb53aa5cee6336a2996acf942360046dbd7909bca97f49fd9261bd65f4f3eea2d2cd116e2cc02b683bcc6f78231eca01fe0a3c59425f767635a626df2c7a9469",
            "directory_permission": "0777",
            "file_permission": "0777",
            "filename": "./../ansible/inventory/inventory",
            "id": "9109d55bfb5503dc126e6cdadc4db5d8f6f53fbe",
            "sensitive_content": null,
            "source": null
          },
          "sensitive_attributes": [
            [
              {
                "type": "get_attr",
                "value": "sensitive_content"
              }
            ]
          ],
          "identity_schema_version": 0,
          "dependencies": [
            "openstack_compute_instance_v2.master",
            "openstack_compute_instance_v2.worker"
          ]
        }
      ]
    },
    {
      "mode": "managed",
      "type": "openstack_blockstorage_volume_v3",
      "name": "worker_disk",
      "provider": "provider[\"registry.terraform.io/terraform-provider-openstack/openstack\"]",
      "instances": [
        {
          "index_key": 0,
          "schema_version": 0,
          "attributes": {
            "attachment": [
              {
                "device": "/dev/sdb",
                "id": "c744f40b-6cd9-4490-82b1-eaedbf5b1e4e",
                "instance_id": "6b52b43f-6fab-46b4-809d-b452063f3e7a"
              }
            ],
            "availability_zone": "nova",
            "backup_id": "",
            "consistency_group_id": null,
            "description": "",
            "enable_online_resize": null,
            "id": "c744f40b-6cd9-4490-82b1-eaedbf5b1e4e",
            "image_id": null,
            "metadata": {},
            "name": "",
            "region": "Pilestredet",
            "scheduler_hints": [],
            "size": 20,
            "snapshot_id": "",
            "source_replica": null,
            "source_vol_id": "",
            "timeouts": null,
            "volume_retype_policy": "never",
            "volume_type": "standard"
          },
          "sensitive_attributes": [],
          "identity_schema_version": 0,
          "private": "eyJlMmJmYjczMC1lY2FhLTExZTYtOGY4OC0zNDM2M2JjN2M0YzAiOnsiY3JlYXRlIjo2MDAwMDAwMDAwMDAsImRlbGV0ZSI6NjAwMDAwMDAwMDAwfX0="
        },
        {
          "index_key": 1,
          "schema_version": 0,
          "attributes": {
            "attachment": [
              {
                "device": "/dev/sdb",
                "id": "98ca515d-3264-4a24-a4d7-c2c5a1911b96",
                "instance_id": "419bf2da-8a9a-49ee-b6d3-15c708321447"
              }
            ],
            "availability_zone": "nova",
            "backup_id": "",
            "consistency_group_id": null,
            "description": "",
            "enable_online_resize": null,
            "id": "98ca515d-3264-4a24-a4d7-c2c5a1911b96",
            "image_id": null,
            "metadata": {},
            "name": "",
            "region": "Pilestredet",
            "scheduler_hints": [],
            "size": 20,
            "snapshot_id": "",
            "source_replica": null,
            "source_vol_id": "",
            "timeouts": null,
            "volume_retype_policy": "never",
            "volume_type": "standard"
          },
          "sensitive_attributes": [],
          "identity_schema_version": 0,
          "private": "eyJlMmJmYjczMC1lY2FhLTExZTYtOGY4OC0zNDM2M2JjN2M0YzAiOnsiY3JlYXRlIjo2MDAwMDAwMDAwMDAsImRlbGV0ZSI6NjAwMDAwMDAwMDAwfX0="
        },
        {
          "index_key": 2,
          "schema_version": 0,
          "attributes": {
            "attachment": [
              {
                "device": "/dev/sdb",
                "id": "34a6f8f2-8b9e-427b-9647-eb98ba6b2d77",
                "instance_id": "18e044d8-2169-4467-ad2d-634eacf686f0"
              }
            ],
            "availability_zone": "nova",
            "backup_id": "",
            "consistency_group_id": null,
            "description": "",
            "enable_online_resize": null,
            "id": "34a6f8f2-8b9e-427b-9647-eb98ba6b2d77",
            "image_id": null,
            "metadata": {},
            "name": "",
            "region": "Pilestredet",
            "scheduler_hints": [],
            "size": 20,
            "snapshot_id": "",
            "source_replica": null,
            "source_vol_id": "",
            "timeouts": null,
            "volume_retype_policy": "never",
            "volume_type": "standard"
          },
          "sensitive_attributes": [],
          "identity_schema_version": 0,
          "private": "eyJlMmJmYjczMC1lY2FhLTExZTYtOGY4OC0zNDM2M2JjN2M0YzAiOnsiY3JlYXRlIjo2MDAwMDAwMDAwMDAsImRlbGV0ZSI6NjAwMDAwMDAwMDAwfX0="
        }
      ]
    },
    {
      "mode": "managed",
      "type": "openstack_compute_instance_v2",
      "name": "master",
      "provider": "provider[\"registry.terraform.io/terraform-provider-openstack/openstack\"]",
      "instances": [
        {
          "index_key": 0,
          "schema_version": 0,
          "attributes": {
            "access_ip_v4": "10.196.243.206",
            "access_ip_v6": "2001:700:740:a101:f816:3eff:fe41:8f10",
            "admin_pass": null,
            "all_metadata": {},
            "all_tags": [],
            "availability_zone": "nova",
            "availability_zone_hints": null,
            "block_device": [],
            "config_drive": null,
            "created": "2026-05-04 12:20:57 +0000 UTC",
            "flavor_id": "0c9945e2-dca8-407e-958f-fddcdc51c85e",
            "flavor_name": "aem.2c4r.50g",
            "force_delete": false,
            "hypervisor_hostname": "",
            "id": "70c5924b-d204-45ac-9344-1c2421a06824",
            "image_id": "414d4efa-e67d-43cc-b484-3d88817bcec1",
            "image_name": "Ubuntu-24.04-LTS (Noble Numbat)",
            "key_pair": "MasterVMKey",
            "metadata": null,
            "name": "master",
            "network": [
              {
                "access_network": false,
                "fixed_ip_v4": "10.196.243.206",
                "fixed_ip_v6": "2001:700:740:a101:f816:3eff:fe41:8f10",
                "mac": "fa:16:3e:41:8f:10",
                "name": "oslomet",
                "port": "",
                "uuid": "070f5eb2-628f-4ef9-b885-533b13632043"
              }
            ],
            "network_mode": null,
            "personality": [],
            "power_state": "active",
            "region": "Pilestredet",
            "scheduler_hints": [],
            "security_groups": [
              "default"
            ],
            "stop_before_destroy": false,
            "tags": [],
            "timeouts": null,
            "updated": "2026-05-04 12:21:26 +0000 UTC",
            "user_data": null,
            "vendor_options": []
          },
          "sensitive_attributes": [
            [
              {
                "type": "get_attr",
                "value": "admin_pass"
              }
            ]
          ],
          "identity_schema_version": 0,
          "private": "eyJlMmJmYjczMC1lY2FhLTExZTYtOGY4OC0zNDM2M2JjN2M0YzAiOnsiY3JlYXRlIjoxODAwMDAwMDAwMDAwLCJkZWxldGUiOjE4MDAwMDAwMDAwMDAsInVwZGF0ZSI6MTgwMDAwMDAwMDAwMH19"
        }
      ]
    },
    {
      "mode": "managed",
      "type": "openstack_compute_instance_v2",
      "name": "worker",
      "provider": "provider[\"registry.terraform.io/terraform-provider-openstack/openstack\"]",
      "instances": [
        {
          "index_key": 0,
          "schema_version": 0,
          "attributes": {
            "access_ip_v4": "10.196.244.194",
            "access_ip_v6": "2001:700:740:a101:f816:3eff:fe1b:a1a2",
            "admin_pass": null,
            "all_metadata": {},
            "all_tags": [],
            "availability_zone": "nova",
            "availability_zone_hints": null,
            "block_device": [],
            "config_drive": null,
            "created": "2026-05-04 12:20:57 +0000 UTC",
            "flavor_id": "0c9945e2-dca8-407e-958f-fddcdc51c85e",
            "flavor_name": "aem.2c4r.50g",
            "force_delete": false,
            "hypervisor_hostname": "",
            "id": "6b52b43f-6fab-46b4-809d-b452063f3e7a",
            "image_id": "414d4efa-e67d-43cc-b484-3d88817bcec1",
            "image_name": "Ubuntu-24.04-LTS (Noble Numbat)",
            "key_pair": "MasterVMKey",
            "metadata": null,
            "name": "worker-1",
            "network": [
              {
                "access_network": false,
                "fixed_ip_v4": "10.196.244.194",
                "fixed_ip_v6": "2001:700:740:a101:f816:3eff:fe1b:a1a2",
                "mac": "fa:16:3e:1b:a1:a2",
                "name": "oslomet",
                "port": "",
                "uuid": "070f5eb2-628f-4ef9-b885-533b13632043"
              }
            ],
            "network_mode": null,
            "personality": [],
            "power_state": "active",
            "region": "Pilestredet",
            "scheduler_hints": [],
            "security_groups": [
              "default"
            ],
            "stop_before_destroy": false,
            "tags": [],
            "timeouts": null,
            "updated": "2026-05-04 12:21:21 +0000 UTC",
            "user_data": null,
            "vendor_options": []
          },
          "sensitive_attributes": [
            [
              {
                "type": "get_attr",
                "value": "admin_pass"
              }
            ]
          ],
          "identity_schema_version": 0,
          "private": "eyJlMmJmYjczMC1lY2FhLTExZTYtOGY4OC0zNDM2M2JjN2M0YzAiOnsiY3JlYXRlIjoxODAwMDAwMDAwMDAwLCJkZWxldGUiOjE4MDAwMDAwMDAwMDAsInVwZGF0ZSI6MTgwMDAwMDAwMDAwMH19"
        },
        {
          "index_key": 1,
          "schema_version": 0,
          "attributes": {
            "access_ip_v4": "10.196.245.17",
            "access_ip_v6": "2001:700:740:a101:f816:3eff:fe4f:1343",
            "admin_pass": null,
            "all_metadata": {},
            "all_tags": [],
            "availability_zone": "nova",
            "availability_zone_hints": null,
            "block_device": [],
            "config_drive": null,
            "created": "2026-05-04 12:20:57 +0000 UTC",
            "flavor_id": "0c9945e2-dca8-407e-958f-fddcdc51c85e",
            "flavor_name": "aem.2c4r.50g",
            "force_delete": false,
            "hypervisor_hostname": "",
            "id": "419bf2da-8a9a-49ee-b6d3-15c708321447",
            "image_id": "414d4efa-e67d-43cc-b484-3d88817bcec1",
            "image_name": "Ubuntu-24.04-LTS (Noble Numbat)",
            "key_pair": "MasterVMKey",
            "metadata": null,
            "name": "worker-2",
            "network": [
              {
                "access_network": false,
                "fixed_ip_v4": "10.196.245.17",
                "fixed_ip_v6": "2001:700:740:a101:f816:3eff:fe4f:1343",
                "mac": "fa:16:3e:4f:13:43",
                "name": "oslomet",
                "port": "",
                "uuid": "070f5eb2-628f-4ef9-b885-533b13632043"
              }
            ],
            "network_mode": null,
            "personality": [],
            "power_state": "active",
            "region": "Pilestredet",
            "scheduler_hints": [],
            "security_groups": [
              "default"
            ],
            "stop_before_destroy": false,
            "tags": [],
            "timeouts": null,
            "updated": "2026-05-04 12:21:17 +0000 UTC",
            "user_data": null,
            "vendor_options": []
          },
          "sensitive_attributes": [
            [
              {
                "type": "get_attr",
                "value": "admin_pass"
              }
            ]
          ],
          "identity_schema_version": 0,
          "private": "eyJlMmJmYjczMC1lY2FhLTExZTYtOGY4OC0zNDM2M2JjN2M0YzAiOnsiY3JlYXRlIjoxODAwMDAwMDAwMDAwLCJkZWxldGUiOjE4MDAwMDAwMDAwMDAsInVwZGF0ZSI6MTgwMDAwMDAwMDAwMH19"
        },
        {
          "index_key": 2,
          "schema_version": 0,
          "attributes": {
            "access_ip_v4": "10.196.244.65",
            "access_ip_v6": "2001:700:740:a101:f816:3eff:fe2c:b57",
            "admin_pass": null,
            "all_metadata": {},
            "all_tags": [],
            "availability_zone": "nova",
            "availability_zone_hints": null,
            "block_device": [],
            "config_drive": null,
            "created": "2026-05-04 12:20:57 +0000 UTC",
            "flavor_id": "0c9945e2-dca8-407e-958f-fddcdc51c85e",
            "flavor_name": "aem.2c4r.50g",
            "force_delete": false,
            "hypervisor_hostname": "",
            "id": "18e044d8-2169-4467-ad2d-634eacf686f0",
            "image_id": "414d4efa-e67d-43cc-b484-3d88817bcec1",
            "image_name": "Ubuntu-24.04-LTS (Noble Numbat)",
            "key_pair": "MasterVMKey",
            "metadata": null,
            "name": "worker-3",
            "network": [
              {
                "access_network": false,
                "fixed_ip_v4": "10.196.244.65",
                "fixed_ip_v6": "2001:700:740:a101:f816:3eff:fe2c:b57",
                "mac": "fa:16:3e:2c:0b:57",
                "name": "oslomet",
                "port": "",
                "uuid": "070f5eb2-628f-4ef9-b885-533b13632043"
              }
            ],
            "network_mode": null,
            "personality": [],
            "power_state": "active",
            "region": "Pilestredet",
            "scheduler_hints": [],
            "security_groups": [
              "default"
            ],
            "stop_before_destroy": false,
            "tags": [],
            "timeouts": null,
            "updated": "2026-05-04 12:21:14 +0000 UTC",
            "user_data": null,
            "vendor_options": []
          },
          "sensitive_attributes": [
            [
              {
                "type": "get_attr",
                "value": "admin_pass"
              }
            ]
          ],
          "identity_schema_version": 0,
          "private": "eyJlMmJmYjczMC1lY2FhLTExZTYtOGY4OC0zNDM2M2JjN2M0YzAiOnsiY3JlYXRlIjoxODAwMDAwMDAwMDAwLCJkZWxldGUiOjE4MDAwMDAwMDAwMDAsInVwZGF0ZSI6MTgwMDAwMDAwMDAwMH19"
        }
      ]
    },
    {
      "mode": "managed",
      "type": "openstack_compute_volume_attach_v2",
      "name": "worker_attach",
      "provider": "provider[\"registry.terraform.io/terraform-provider-openstack/openstack\"]",
      "instances": [
        {
          "index_key": 0,
          "schema_version": 0,
          "attributes": {
            "device": "/dev/sdb",
            "id": "6b52b43f-6fab-46b4-809d-b452063f3e7a/c744f40b-6cd9-4490-82b1-eaedbf5b1e4e",
            "instance_id": "6b52b43f-6fab-46b4-809d-b452063f3e7a",
            "multiattach": null,
            "region": "Pilestredet",
            "tag": null,
            "timeouts": null,
            "vendor_options": [],
            "volume_id": "c744f40b-6cd9-4490-82b1-eaedbf5b1e4e"
          },
          "sensitive_attributes": [],
          "identity_schema_version": 0,
          "private": "eyJlMmJmYjczMC1lY2FhLTExZTYtOGY4OC0zNDM2M2JjN2M0YzAiOnsiY3JlYXRlIjo2MDAwMDAwMDAwMDAsImRlbGV0ZSI6NjAwMDAwMDAwMDAwfX0=",
          "dependencies": [
            "openstack_blockstorage_volume_v3.worker_disk",
            "openstack_compute_instance_v2.worker"
          ]
        },
        {
          "index_key": 1,
          "schema_version": 0,
          "attributes": {
            "device": "/dev/sdb",
            "id": "419bf2da-8a9a-49ee-b6d3-15c708321447/98ca515d-3264-4a24-a4d7-c2c5a1911b96",
            "instance_id": "419bf2da-8a9a-49ee-b6d3-15c708321447",
            "multiattach": null,
            "region": "Pilestredet",
            "tag": null,
            "timeouts": null,
            "vendor_options": [],
            "volume_id": "98ca515d-3264-4a24-a4d7-c2c5a1911b96"
          },
          "sensitive_attributes": [],
          "identity_schema_version": 0,
          "private": "eyJlMmJmYjczMC1lY2FhLTExZTYtOGY4OC0zNDM2M2JjN2M0YzAiOnsiY3JlYXRlIjo2MDAwMDAwMDAwMDAsImRlbGV0ZSI6NjAwMDAwMDAwMDAwfX0=",
          "dependencies": [
            "openstack_blockstorage_volume_v3.worker_disk",
            "openstack_compute_instance_v2.worker"
          ]
        },
        {
          "index_key": 2,
          "schema_version": 0,
          "attributes": {
            "device": "/dev/sdb",
            "id": "18e044d8-2169-4467-ad2d-634eacf686f0/34a6f8f2-8b9e-427b-9647-eb98ba6b2d77",
            "instance_id": "18e044d8-2169-4467-ad2d-634eacf686f0",
            "multiattach": null,
            "region": "Pilestredet",
            "tag": null,
            "timeouts": null,
            "vendor_options": [],
            "volume_id": "34a6f8f2-8b9e-427b-9647-eb98ba6b2d77"
          },
          "sensitive_attributes": [],
          "identity_schema_version": 0,
          "private": "eyJlMmJmYjczMC1lY2FhLTExZTYtOGY4OC0zNDM2M2JjN2M0YzAiOnsiY3JlYXRlIjo2MDAwMDAwMDAwMDAsImRlbGV0ZSI6NjAwMDAwMDAwMDAwfX0=",
          "dependencies": [
            "openstack_blockstorage_volume_v3.worker_disk",
            "openstack_compute_instance_v2.worker"
          ]
        }
      ]
    }
  ],
  "check_results": null
}
