{
  "version": 4,
  "terraform_version": "1.14.6",
  "serial": 455,
  "lineage": "863c64fb-9fa9-dc96-fede-ea931165997d",
  "outputs": {
    "master_ip": {
      "value": "10.196.245.21",
      "type": "string"
    },
    "worker_ips": {
      "value": [
        "10.196.242.255",
        "10.196.241.122",
        "10.196.241.124"
      ],
      "type": [
        "tuple",
        [
          "string",
          "string",
          "string"
        ]
      ]
    }
  },
  "resources": [
    {
      "mode": "managed",
      "type": "local_file",
      "name": "ansible_inventory",
      "provider": "provider[\"registry.terraform.io/hashicorp/local\"]",
      "instances": [
        {
          "schema_version": 0,
          "attributes": {
            "content": "all:\n  vars:\n    ansible_user: ubuntu\n    ansible_become: true\n    ansible_become_method: sudo\n    ansible_ssh_private_key_file: /home/ubuntu/.ssh/id_ed25519\n    ansible_ssh_common_args: '-o StrictHostKeyChecking=no'\n\n  hosts:\n    master:\n      ansible_host: 10.196.245.21\n      ip: 10.196.245.21\n      access_ip: 10.196.245.21\n      etcd_member_name: etcd1\n\n    worker-1:\n      ansible_host: 10.196.242.255\n      ip: 10.196.242.255\n      access_ip: 10.196.242.255\n\n    worker-2:\n      ansible_host: 10.196.241.122\n      ip: 10.196.241.122\n      access_ip: 10.196.241.122\n\n    worker-3:\n      ansible_host: 10.196.241.124\n      ip: 10.196.241.124\n      access_ip: 10.196.241.124\n\n  children:\n    kube_control_plane:\n      hosts:\n        master:\n\n    kube_node:\n      hosts:\n        worker-1:\n        worker-2:\n        worker-3:\n\n    etcd:\n      hosts:\n        master:\n\n    k8s_cluster:\n      children:\n        kube_control_plane:\n        kube_node:",
            "content_base64": null,
            "content_base64sha256": "MOtQjmfDKDIlmyIDOoEB/3ChlC+BJflSA2f3valDQUU=",
            "content_base64sha512": "w+Mp50OC9ppokk9iboJIT8w1+ZP2lFkG7vZLA0HFWowvNzeB9RsXdJ89FgcIkz2qcUaMY5CWVf2qihyXjbji8Q==",
            "content_md5": "ae54c801e272ae1b6fdccb534bc39439",
            "content_sha1": "8e37a29fb8490bb55b9fff1ef81c5e5d6ff57053",
            "content_sha256": "30eb508e67c32832259b22033a8101ff70a1942f8125f9520367f7bda9434145",
            "content_sha512": "c3e329e74382f69a68924f626e82484fcc35f993f6945906eef64b0341c55a8c2f373781f51b17749f3d160708933daa71468c63909655fdaa8a1c978db8e2f1",
            "directory_permission": "0777",
            "file_permission": "0777",
            "filename": "./../ansible/inventory/inventory",
            "id": "8e37a29fb8490bb55b9fff1ef81c5e5d6ff57053",
            "sensitive_content": null,
            "source": null
          },
          "sensitive_attributes": [
            [
              {
                "type": "get_attr",
                "value": "sensitive_content"
              }
            ]
          ],
          "identity_schema_version": 0,
          "dependencies": [
            "openstack_compute_instance_v2.master",
            "openstack_compute_instance_v2.worker"
          ]
        }
      ]
    },
    {
      "mode": "managed",
      "type": "openstack_blockstorage_volume_v3",
      "name": "worker_disk",
      "provider": "provider[\"registry.terraform.io/terraform-provider-openstack/openstack\"]",
      "instances": [
        {
          "index_key": 0,
          "schema_version": 0,
          "attributes": {
            "attachment": [],
            "availability_zone": "nova",
            "backup_id": "",
            "consistency_group_id": null,
            "description": "",
            "enable_online_resize": null,
            "id": "13399c4a-47e6-4a33-a8c8-a6757e92dfdf",
            "image_id": null,
            "metadata": {},
            "name": "",
            "region": "Pilestredet",
            "scheduler_hints": [],
            "size": 20,
            "snapshot_id": "",
            "source_replica": null,
            "source_vol_id": "",
            "timeouts": null,
            "volume_retype_policy": "never",
            "volume_type": "standard"
          },
          "sensitive_attributes": [],
          "identity_schema_version": 0,
          "private": "eyJlMmJmYjczMC1lY2FhLTExZTYtOGY4OC0zNDM2M2JjN2M0YzAiOnsiY3JlYXRlIjo2MDAwMDAwMDAwMDAsImRlbGV0ZSI6NjAwMDAwMDAwMDAwfX0="
        },
        {
          "index_key": 1,
          "schema_version": 0,
          "attributes": {
            "attachment": [],
            "availability_zone": "nova",
            "backup_id": "",
            "consistency_group_id": null,
            "description": "",
            "enable_online_resize": null,
            "id": "1312f0e7-bc48-4a5d-925e-e399b3c7ac8e",
            "image_id": null,
            "metadata": {},
            "name": "",
            "region": "Pilestredet",
            "scheduler_hints": [],
            "size": 20,
            "snapshot_id": "",
            "source_replica": null,
            "source_vol_id": "",
            "timeouts": null,
            "volume_retype_policy": "never",
            "volume_type": "standard"
          },
          "sensitive_attributes": [],
          "identity_schema_version": 0,
          "private": "eyJlMmJmYjczMC1lY2FhLTExZTYtOGY4OC0zNDM2M2JjN2M0YzAiOnsiY3JlYXRlIjo2MDAwMDAwMDAwMDAsImRlbGV0ZSI6NjAwMDAwMDAwMDAwfX0="
        },
        {
          "index_key": 2,
          "schema_version": 0,
          "attributes": {
            "attachment": [],
            "availability_zone": "nova",
            "backup_id": "",
            "consistency_group_id": null,
            "description": "",
            "enable_online_resize": null,
            "id": "db809838-af08-4f3f-a3d2-aa47f3950ab3",
            "image_id": null,
            "metadata": {},
            "name": "",
            "region": "Pilestredet",
            "scheduler_hints": [],
            "size": 20,
            "snapshot_id": "",
            "source_replica": null,
            "source_vol_id": "",
            "timeouts": null,
            "volume_retype_policy": "never",
            "volume_type": "standard"
          },
          "sensitive_attributes": [],
          "identity_schema_version": 0,
          "private": "eyJlMmJmYjczMC1lY2FhLTExZTYtOGY4OC0zNDM2M2JjN2M0YzAiOnsiY3JlYXRlIjo2MDAwMDAwMDAwMDAsImRlbGV0ZSI6NjAwMDAwMDAwMDAwfX0="
        }
      ]
    },
    {
      "mode": "managed",
      "type": "openstack_compute_instance_v2",
      "name": "master",
      "provider": "provider[\"registry.terraform.io/terraform-provider-openstack/openstack\"]",
      "instances": [
        {
          "index_key": 0,
          "schema_version": 0,
          "attributes": {
            "access_ip_v4": "10.196.245.21",
            "access_ip_v6": "2001:700:740:a101:f816:3eff:fe6c:49f",
            "admin_pass": null,
            "all_metadata": {},
            "all_tags": [],
            "availability_zone": "nova",
            "availability_zone_hints": null,
            "block_device": [],
            "config_drive": null,
            "created": "2026-05-05 06:01:47 +0000 UTC",
            "flavor_id": "0c9945e2-dca8-407e-958f-fddcdc51c85e",
            "flavor_name": "aem.2c4r.50g",
            "force_delete": false,
            "hypervisor_hostname": "",
            "id": "608f4b1b-0002-4650-89ca-f12018d71489",
            "image_id": "414d4efa-e67d-43cc-b484-3d88817bcec1",
            "image_name": "Ubuntu-24.04-LTS (Noble Numbat)",
            "key_pair": "MasterVMKey",
            "metadata": null,
            "name": "master",
            "network": [
              {
                "access_network": false,
                "fixed_ip_v4": "10.196.245.21",
                "fixed_ip_v6": "2001:700:740:a101:f816:3eff:fe6c:49f",
                "mac": "fa:16:3e:6c:04:9f",
                "name": "oslomet",
                "port": "",
                "uuid": "070f5eb2-628f-4ef9-b885-533b13632043"
              }
            ],
            "network_mode": null,
            "personality": [],
            "power_state": "active",
            "region": "Pilestredet",
            "scheduler_hints": [],
            "security_groups": [
              "default"
            ],
            "stop_before_destroy": false,
            "tags": null,
            "timeouts": null,
            "updated": "2026-05-05 06:02:29 +0000 UTC",
            "user_data": null,
            "vendor_options": []
          },
          "sensitive_attributes": [
            [
              {
                "type": "get_attr",
                "value": "admin_pass"
              }
            ]
          ],
          "identity_schema_version": 0,
          "private": "eyJlMmJmYjczMC1lY2FhLTExZTYtOGY4OC0zNDM2M2JjN2M0YzAiOnsiY3JlYXRlIjoxODAwMDAwMDAwMDAwLCJkZWxldGUiOjE4MDAwMDAwMDAwMDAsInVwZGF0ZSI6MTgwMDAwMDAwMDAwMH19"
        }
      ]
    },
    {
      "mode": "managed",
      "type": "openstack_compute_instance_v2",
      "name": "worker",
      "provider": "provider[\"registry.terraform.io/terraform-provider-openstack/openstack\"]",
      "instances": [
        {
          "index_key": 0,
          "schema_version": 0,
          "attributes": {
            "access_ip_v4": "10.196.242.255",
            "access_ip_v6": "2001:700:740:a101:f816:3eff:fe9f:13c3",
            "admin_pass": null,
            "all_metadata": {},
            "all_tags": [],
            "availability_zone": "nova",
            "availability_zone_hints": null,
            "block_device": [],
            "config_drive": null,
            "created": "2026-05-05 06:01:48 +0000 UTC",
            "flavor_id": "0c9945e2-dca8-407e-958f-fddcdc51c85e",
            "flavor_name": "aem.2c4r.50g",
            "force_delete": false,
            "hypervisor_hostname": "",
            "id": "c5f244ca-8e48-4f41-96d7-ce870b5b3b0c",
            "image_id": "414d4efa-e67d-43cc-b484-3d88817bcec1",
            "image_name": "Ubuntu-24.04-LTS (Noble Numbat)",
            "key_pair": "MasterVMKey",
            "metadata": null,
            "name": "worker-1",
            "network": [
              {
                "access_network": false,
                "fixed_ip_v4": "10.196.242.255",
                "fixed_ip_v6": "2001:700:740:a101:f816:3eff:fe9f:13c3",
                "mac": "fa:16:3e:9f:13:c3",
                "name": "oslomet",
                "port": "",
                "uuid": "070f5eb2-628f-4ef9-b885-533b13632043"
              }
            ],
            "network_mode": null,
            "personality": [],
            "power_state": "active",
            "region": "Pilestredet",
            "scheduler_hints": [],
            "security_groups": [
              "default"
            ],
            "stop_before_destroy": false,
            "tags": null,
            "timeouts": null,
            "updated": "2026-05-05 06:02:38 +0000 UTC",
            "user_data": null,
            "vendor_options": []
          },
          "sensitive_attributes": [
            [
              {
                "type": "get_attr",
                "value": "admin_pass"
              }
            ]
          ],
          "identity_schema_version": 0,
          "private": "eyJlMmJmYjczMC1lY2FhLTExZTYtOGY4OC0zNDM2M2JjN2M0YzAiOnsiY3JlYXRlIjoxODAwMDAwMDAwMDAwLCJkZWxldGUiOjE4MDAwMDAwMDAwMDAsInVwZGF0ZSI6MTgwMDAwMDAwMDAwMH19"
        },
        {
          "index_key": 1,
          "schema_version": 0,
          "attributes": {
            "access_ip_v4": "10.196.241.122",
            "access_ip_v6": "2001:700:740:a101:f816:3eff:fef9:6633",
            "admin_pass": null,
            "all_metadata": {},
            "all_tags": [],
            "availability_zone": "nova",
            "availability_zone_hints": null,
            "block_device": [],
            "config_drive": null,
            "created": "2026-05-05 06:01:48 +0000 UTC",
            "flavor_id": "0c9945e2-dca8-407e-958f-fddcdc51c85e",
            "flavor_name": "aem.2c4r.50g",
            "force_delete": false,
            "hypervisor_hostname": "",
            "id": "f8ba9907-b9b5-4cbf-8079-fa2c043b1b79",
            "image_id": "414d4efa-e67d-43cc-b484-3d88817bcec1",
            "image_name": "Ubuntu-24.04-LTS (Noble Numbat)",
            "key_pair": "MasterVMKey",
            "metadata": null,
            "name": "worker-2",
            "network": [
              {
                "access_network": false,
                "fixed_ip_v4": "10.196.241.122",
                "fixed_ip_v6": "2001:700:740:a101:f816:3eff:fef9:6633",
                "mac": "fa:16:3e:f9:66:33",
                "name": "oslomet",
                "port": "",
                "uuid": "070f5eb2-628f-4ef9-b885-533b13632043"
              }
            ],
            "network_mode": null,
            "personality": [],
            "power_state": "active",
            "region": "Pilestredet",
            "scheduler_hints": [],
            "security_groups": [
              "default"
            ],
            "stop_before_destroy": false,
            "tags": null,
            "timeouts": null,
            "updated": "2026-05-05 06:02:52 +0000 UTC",
            "user_data": null,
            "vendor_options": []
          },
          "sensitive_attributes": [
            [
              {
                "type": "get_attr",
                "value": "admin_pass"
              }
            ]
          ],
          "identity_schema_version": 0,
          "private": "eyJlMmJmYjczMC1lY2FhLTExZTYtOGY4OC0zNDM2M2JjN2M0YzAiOnsiY3JlYXRlIjoxODAwMDAwMDAwMDAwLCJkZWxldGUiOjE4MDAwMDAwMDAwMDAsInVwZGF0ZSI6MTgwMDAwMDAwMDAwMH19"
        },
        {
          "index_key": 2,
          "schema_version": 0,
          "attributes": {
            "access_ip_v4": "10.196.241.124",
            "access_ip_v6": "2001:700:740:a101:f816:3eff:feae:f0bc",
            "admin_pass": null,
            "all_metadata": {},
            "all_tags": [],
            "availability_zone": "nova",
            "availability_zone_hints": null,
            "block_device": [],
            "config_drive": null,
            "created": "2026-05-05 06:01:48 +0000 UTC",
            "flavor_id": "0c9945e2-dca8-407e-958f-fddcdc51c85e",
            "flavor_name": "aem.2c4r.50g",
            "force_delete": false,
            "hypervisor_hostname": "",
            "id": "b51759ff-a5cd-4cd4-a5c2-8fe1b67f1e69",
            "image_id": "414d4efa-e67d-43cc-b484-3d88817bcec1",
            "image_name": "Ubuntu-24.04-LTS (Noble Numbat)",
            "key_pair": "MasterVMKey",
            "metadata": null,
            "name": "worker-3",
            "network": [
              {
                "access_network": false,
                "fixed_ip_v4": "10.196.241.124",
                "fixed_ip_v6": "2001:700:740:a101:f816:3eff:feae:f0bc",
                "mac": "fa:16:3e:ae:f0:bc",
                "name": "oslomet",
                "port": "",
                "uuid": "070f5eb2-628f-4ef9-b885-533b13632043"
              }
            ],
            "network_mode": null,
            "personality": [],
            "power_state": "active",
            "region": "Pilestredet",
            "scheduler_hints": [],
            "security_groups": [
              "default"
            ],
            "stop_before_destroy": false,
            "tags": null,
            "timeouts": null,
            "updated": "2026-05-05 06:02:45 +0000 UTC",
            "user_data": null,
            "vendor_options": []
          },
          "sensitive_attributes": [
            [
              {
                "type": "get_attr",
                "value": "admin_pass"
              }
            ]
          ],
          "identity_schema_version": 0,
          "private": "eyJlMmJmYjczMC1lY2FhLTExZTYtOGY4OC0zNDM2M2JjN2M0YzAiOnsiY3JlYXRlIjoxODAwMDAwMDAwMDAwLCJkZWxldGUiOjE4MDAwMDAwMDAwMDAsInVwZGF0ZSI6MTgwMDAwMDAwMDAwMH19"
        }
      ]
    },
    {
      "mode": "managed",
      "type": "openstack_compute_volume_attach_v2",
      "name": "worker_attach",
      "provider": "provider[\"registry.terraform.io/terraform-provider-openstack/openstack\"]",
      "instances": [
        {
          "index_key": 0,
          "schema_version": 0,
          "attributes": {
            "device": "/dev/sdb",
            "id": "c5f244ca-8e48-4f41-96d7-ce870b5b3b0c/13399c4a-47e6-4a33-a8c8-a6757e92dfdf",
            "instance_id": "c5f244ca-8e48-4f41-96d7-ce870b5b3b0c",
            "multiattach": null,
            "region": "Pilestredet",
            "tag": null,
            "timeouts": null,
            "vendor_options": [],
            "volume_id": "13399c4a-47e6-4a33-a8c8-a6757e92dfdf"
          },
          "sensitive_attributes": [],
          "identity_schema_version": 0,
          "private": "eyJlMmJmYjczMC1lY2FhLTExZTYtOGY4OC0zNDM2M2JjN2M0YzAiOnsiY3JlYXRlIjo2MDAwMDAwMDAwMDAsImRlbGV0ZSI6NjAwMDAwMDAwMDAwfX0=",
          "dependencies": [
            "openstack_blockstorage_volume_v3.worker_disk",
            "openstack_compute_instance_v2.worker"
          ]
        },
        {
          "index_key": 1,
          "schema_version": 0,
          "attributes": {
            "device": "/dev/sdb",
            "id": "f8ba9907-b9b5-4cbf-8079-fa2c043b1b79/1312f0e7-bc48-4a5d-925e-e399b3c7ac8e",
            "instance_id": "f8ba9907-b9b5-4cbf-8079-fa2c043b1b79",
            "multiattach": null,
            "region": "Pilestredet",
            "tag": null,
            "timeouts": null,
            "vendor_options": [],
            "volume_id": "1312f0e7-bc48-4a5d-925e-e399b3c7ac8e"
          },
          "sensitive_attributes": [],
          "identity_schema_version": 0,
          "private": "eyJlMmJmYjczMC1lY2FhLTExZTYtOGY4OC0zNDM2M2JjN2M0YzAiOnsiY3JlYXRlIjo2MDAwMDAwMDAwMDAsImRlbGV0ZSI6NjAwMDAwMDAwMDAwfX0=",
          "dependencies": [
            "openstack_blockstorage_volume_v3.worker_disk",
            "openstack_compute_instance_v2.worker"
          ]
        },
        {
          "index_key": 2,
          "schema_version": 0,
          "attributes": {
            "device": "/dev/sdb",
            "id": "b51759ff-a5cd-4cd4-a5c2-8fe1b67f1e69/db809838-af08-4f3f-a3d2-aa47f3950ab3",
            "instance_id": "b51759ff-a5cd-4cd4-a5c2-8fe1b67f1e69",
            "multiattach": null,
            "region": "Pilestredet",
            "tag": null,
            "timeouts": null,
            "vendor_options": [],
            "volume_id": "db809838-af08-4f3f-a3d2-aa47f3950ab3"
          },
          "sensitive_attributes": [],
          "identity_schema_version": 0,
          "private": "eyJlMmJmYjczMC1lY2FhLTExZTYtOGY4OC0zNDM2M2JjN2M0YzAiOnsiY3JlYXRlIjo2MDAwMDAwMDAwMDAsImRlbGV0ZSI6NjAwMDAwMDAwMDAwfX0=",
          "dependencies": [
            "openstack_blockstorage_volume_v3.worker_disk",
            "openstack_compute_instance_v2.worker"
          ]
        }
      ]
    }
  ],
  "check_results": null
}
